// !$*UTF8*$!
{
	archiveVersion = 1;
	classes = {
	};
	objectVersion = 55;
	objects = {

/* Begin PBXBuildFile section */
		8672DC8C285264B6003811C2 /* AppDelegate.swift in Sources */ = {isa = PBXBuildFile; fileRef = 8672DC8B285264B6003811C2 /* AppDelegate.swift */; };
		8672DC8E285264B6003811C2 /* SceneDelegate.swift in Sources */ = {isa = PBXBuildFile; fileRef = 8672DC8D285264B6003811C2 /* SceneDelegate.swift */; };
		8672DC90285264B6003811C2 /* ViewController.swift in Sources */ = {isa = PBXBuildFile; fileRef = 8672DC8F285264B6003811C2 /* ViewController.swift */; };
		8672DC93285264B6003811C2 /* Main.storyboard in Resources */ = {isa = PBXBuildFile; fileRef = 8672DC91285264B6003811C2 /* Main.storyboard */; };
		8672DC95285264BB003811C2 /* Assets.xcassets in Resources */ = {isa = PBXBuildFile; fileRef = 8672DC94285264BB003811C2 /* Assets.xcassets */; };
		8672DC98285264BB003811C2 /* LaunchScreen.storyboard in Resources */ = {isa = PBXBuildFile; fileRef = 8672DC96285264BB003811C2 /* LaunchScreen.storyboard */; };
		8672DCA3285264BC003811C2 /* ListyAppTests.swift in Sources */ = {isa = PBXBuildFile; fileRef = 8672DCA2285264BC003811C2 /* ListyAppTests.swift */; };
		8672DCAD285264BC003811C2 /* ListyAppUITests.swift in Sources */ = {isa = PBXBuildFile; fileRef = 8672DCAC285264BC003811C2 /* ListyAppUITests.swift */; };
		8672DCAF285264BC003811C2 /* ListyAppUITestsLaunchTests.swift in Sources */ = {isa = PBXBuildFile; fileRef = 8672DCAE285264BC003811C2 /* ListyAppUITestsLaunchTests.swift */; };
/* End PBXBuildFile section */

/* Begin PBXContainerItemProxy section */
		8672DC9F285264BC003811C2 /* PBXContainerItemProxy */ = {
			isa = PBXContainerItemProxy;
			containerPortal = 8672DC80285264B6003811C2 /* Project object */;
			proxyType = 1;
			remoteGlobalIDString = 8672DC87285264B6003811C2;
			remoteInfo = ListyApp;
		};
		8672DCA9285264BC003811C2 /* PBXContainerItemProxy */ = {
			isa = PBXContainerItemProxy;
			containerPortal = 8672DC80285264B6003811C2 /* Project object */;
			proxyType = 1;
			remoteGlobalIDString = 8672DC87285264B6003811C2;
			remoteInfo = ListyApp;
		};
/* End PBXContainerItemProxy section */

/* Begin PBXFileReference section */
		8672DC88285264B6003811C2 /* ListyApp.app */ = {isa = PBXFileReference; explicitFileType = wrapper.application; includeInIndex = 0; path = ListyApp.app; sourceTree = BUILT_PRODUCTS_DIR; };
		8672DC8B285264B6003811C2 /* AppDelegate.swift */ = {isa = PBXFileReference; lastKnownFileType = sourcecode.swift; path = AppDelegate.swift; sourceTree = "<group>"; };
		8672DC8D285264B6003811C2 /* SceneDelegate.swift */ = {isa = PBXFileReference; lastKnownFileType = sourcecode.swift; path = SceneDelegate.swift; sourceTree = "<group>"; };
		8672DC8F285264B6003811C2 /* ViewController.swift */ = {isa = PBXFileReference; lastKnownFileType = sourcecode.swift; path = ViewController.swift; sourceTree = "<group>"; };
		8672DC92285264B6003811C2 /* Base */ = {isa = PBXFileReference; lastKnownFileType = file.storyboard; name = Base; path = Base.lproj/Main.storyboard; sourceTree = "<group>"; };
		8672DC94285264BB003811C2 /* Assets.xcassets */ = {isa = PBXFileReference; lastKnownFileType = folder.assetcatalog; path = Assets.xcassets; sourceTree = "<group>"; };
		8672DC97285264BB003811C2 /* Base */ = {isa = PBXFileReference; lastKnownFileType = file.storyboard; name = Base; path = Base.lproj/LaunchScreen.storyboard; sourceTree = "<group>"; };
		8672DC99285264BB003811C2 /* Info.plist */ = {isa = PBXFileReference; lastKnownFileType = text.plist.xml; path = Info.plist; sourceTree = "<group>"; };
		8672DC9E285264BC003811C2 /* ListyAppTests.xctest */ = {isa = PBXFileReference; explicitFileType = wrapper.cfbundle; includeInIndex = 0; path = ListyAppTests.xctest; sourceTree = BUILT_PRODUCTS_DIR; };
		8672DCA2285264BC003811C2 /* ListyAppTests.swift */ = {isa = PBXFileReference; lastKnownFileType = sourcecode.swift; path = ListyAppTests.swift; sourceTree = "<group>"; };
		8672DCA8285264BC003811C2 /* ListyAppUITests.xctest */ = {isa = PBXFileReference; explicitFileType = wrapper.cfbundle; includeInIndex = 0; path = ListyAppUITests.xctest; sourceTree = BUILT_PRODUCTS_DIR; };
		8672DCAC285264BC003811C2 /* ListyAppUITests.swift */ = {isa = PBXFileReference; lastKnownFileType = sourcecode.swift; path = ListyAppUITests.swift; sourceTree = "<group>"; };
		8672DCAE285264BC003811C2 /* ListyAppUITestsLaunchTests.swift */ = {isa = PBXFileReference; lastKnownFileType = sourcecode.swift; path = ListyAppUITestsLaunchTests.swift; sourceTree = "<group>"; };
/* End PBXFileReference section */

/* Begin PBXFrameworksBuildPhase section */
		8672DC85285264B6003811C2 /* Frameworks */ = {
			isa = PBXFrameworksBuildPhase;
			buildActionMask = 2147483647;
			files = (
			);
			runOnlyForDeploymentPostprocessing = 0;
		};
		8672DC9B285264BC003811C2 /* Frameworks */ = {
			isa = PBXFrameworksBuildPhase;
			buildActionMask = 2147483647;
			files = (
			);
			runOnlyForDeploymentPostprocessing = 0;
		};
		8672DCA5285264BC003811C2 /* Frameworks */ = {
			isa = PBXFrameworksBuildPhase;
			buildActionMask = 2147483647;
			files = (
			);
			runOnlyForDeploymentPostprocessing = 0;
		};
/* End PBXFrameworksBuildPhase section */

/* Begin PBXGroup section */
		8672DC7F285264B6003811C2 = {
			isa = PBXGroup;
			children = (
				8672DC8A285264B6003811C2 /* ListyApp */,
				8672DCA1285264BC003811C2 /* ListyAppTests */,
				8672DCAB285264BC003811C2 /* ListyAppUITests */,
				8672DC89285264B6003811C2 /* Products */,
			);
			sourceTree = "<group>";
		};
		8672DC89285264B6003811C2 /* Products */ = {
			isa = PBXGroup;
			children = (
				8672DC88285264B6003811C2 /* ListyApp.app */,
				8672DC9E285264BC003811C2 /* ListyAppTests.xctest */,
				8672DCA8285264BC003811C2 /* ListyAppUITests.xctest */,
			);
			name = Products;
			sourceTree = "<group>";
		};
		8672DC8A285264B6003811C2 /* ListyApp */ = {
			isa = PBXGroup;
			children = (
				8672DC8B285264B6003811C2 /* AppDelegate.swift */,
				8672DC8D285264B6003811C2 /* SceneDelegate.swift */,
				8672DC8F285264B6003811C2 /* ViewController.swift */,
				8672DC91285264B6003811C2 /* Main.storyboard */,
				8672DC94285264BB003811C2 /* Assets.xcassets */,
				8672DC96285264BB003811C2 /* LaunchScreen.storyboard */,
				8672DC99285264BB003811C2 /* Info.plist */,
			);
			path = ListyApp;
			sourceTree = "<group>";
		};
		8672DCA1285264BC003811C2 /* ListyAppTests */ = {
			isa = PBXGroup;
			children = (
				8672DCA2285264BC003811C2 /* ListyAppTests.swift */,
			);
			path = ListyAppTests;
			sourceTree = "<group>";
		};
		8672DCAB285264BC003811C2 /* ListyAppUITests */ = {
			isa = PBXGroup;
			children = (
				8672DCAC285264BC003811C2 /* ListyAppUITests.swift */,
				8672DCAE285264BC003811C2 /* ListyAppUITestsLaunchTests.swift */,
			);
			path = ListyAppUITests;
			sourceTree = "<group>";
		};
/* End PBXGroup section */

/* Begin PBXNativeTarget section */
		8672DC87285264B6003811C2 /* ListyApp */ = {
			isa = PBXNativeTarget;
			buildConfigurationList = 8672DCB2285264BC003811C2 /* Build configuration list for PBXNativeTarget "ListyApp" */;
			buildPhases = (
				8672DC84285264B6003811C2 /* Sources */,
				8672DC85285264B6003811C2 /* Frameworks */,
				8672DC86285264B6003811C2 /* Resources */,
			);
			buildRules = (
			);
			dependencies = (
			);
			name = ListyApp;
			productName = ListyApp;
			productReference = 8672DC88285264B6003811C2 /* ListyApp.app */;
			productType = "com.apple.product-type.application";
		};
		8672DC9D285264BC003811C2 /* ListyAppTests */ = {
			isa = PBXNativeTarget;
			buildConfigurationList = 8672DCB5285264BC003811C2 /* Build configuration list for PBXNativeTarget "ListyAppTests" */;
			buildPhases = (
				8672DC9A285264BC003811C2 /* Sources */,
				8672DC9B285264BC003811C2 /* Frameworks */,
				8672DC9C285264BC003811C2 /* Resources */,
			);
			buildRules = (
			);
			dependencies = (
				8672DCA0285264BC003811C2 /* PBXTargetDependency */,
			);
			name = ListyAppTests;
			productName = ListyAppTests;
			productReference = 8672DC9E285264BC003811C2 /* ListyAppTests.xctest */;
			productType = "com.apple.product-type.bundle.unit-test";
		};
		8672DCA7285264BC003811C2 /* ListyAppUITests */ = {
			isa = PBXNativeTarget;
			buildConfigurationList = 8672DCB8285264BC003811C2 /* Build configuration list for PBXNativeTarget "ListyAppUITests" */;
			buildPhases = (
				8672DCA4285264BC003811C2 /* Sources */,
				8672DCA5285264BC003811C2 /* Frameworks */,
				8672DCA6285264BC003811C2 /* Resources */,
			);
			buildRules = (
			);
			dependencies = (
				8672DCAA285264BC003811C2 /* PBXTargetDependency */,
			);
			name = ListyAppUITests;
			productName = ListyAppUITests;
			productReference = 8672DCA8285264BC003811C2 /* ListyAppUITests.xctest */;
			productType = "com.apple.product-type.bundle.ui-testing";
		};
/* End PBXNativeTarget section */

/* Begin PBXProject section */
		8672DC80285264B6003811C2 /* Project object */ = {
			isa = PBXProject;
			attributes = {
				BuildIndependentTargetsInParallel = 1;
				LastSwiftUpdateCheck = 1340;
				LastUpgradeCheck = 1340;
				TargetAttributes = {
					8672DC87285264B6003811C2 = {
						CreatedOnToolsVersion = 13.4.1;
					};
					8672DC9D285264BC003811C2 = {
						CreatedOnToolsVersion = 13.4.1;
						TestTargetID = 8672DC87285264B6003811C2;
					};
					8672DCA7285264BC003811C2 = {
						CreatedOnToolsVersion = 13.4.1;
						TestTargetID = 8672DC87285264B6003811C2;
					};
				};
			};
			buildConfigurationList = 8672DC83285264B6003811C2 /* Build configuration list for PBXProject "ListyApp" */;
			compatibilityVersion = "Xcode 13.0";
			developmentRegion = en;
			hasScannedForEncodings = 0;
			knownRegions = (
				en,
				Base,
			);
			mainGroup = 8672DC7F285264B6003811C2;
			productRefGroup = 8672DC89285264B6003811C2 /* Products */;
			projectDirPath = "";
			projectRoot = "";
			targets = (
				8672DC87285264B6003811C2 /* ListyApp */,
				8672DC9D285264BC003811C2 /* ListyAppTests */,
				8672DCA7285264BC003811C2 /* ListyAppUITests */,
			);
		};
/* End PBXProject section */

/* Begin PBXResourcesBuildPhase section */
		8672DC86285264B6003811C2 /* Resources */ = {
			isa = PBXResourcesBuildPhase;
			buildActionMask = 2147483647;
			files = (
				8672DC98285264BB003811C2 /* LaunchScreen.storyboard in Resources */,
				8672DC95285264BB003811C2 /* Assets.xcassets in Resources */,
				8672DC93285264B6003811C2 /* Main.storyboard in Resources */,
			);
			runOnlyForDeploymentPostprocessing = 0;
		};
		8672DC9C285264BC003811C2 /* Resources */ = {
			isa = PBXResourcesBuildPhase;
			buildActionMask = 2147483647;
			files = (
			);
			runOnlyForDeploymentPostprocessing = 0;
		};
		8672DCA6285264BC003811C2 /* Resources */ = {
			isa = PBXResourcesBuildPhase;
			buildActionMask = 2147483647;
			files = (
			);
			runOnlyForDeploymentPostprocessing = 0;
		};
/* End PBXResourcesBuildPhase section */

/* Begin PBXSourcesBuildPhase section */
		8672DC84285264B6003811C2 /* Sources */ = {
			isa = PBXSourcesBuildPhase;
			buildActionMask = 2147483647;
			files = (
				8672DC90285264B6003811C2 /* ViewController.swift in Sources */,
				8672DC8C285264B6003811C2 /* AppDelegate.swift in Sources */,
				8672DC8E285264B6003811C2 /* SceneDelegate.swift in Sources */,
			);
			runOnlyForDeploymentPostprocessing = 0;
		};
		8672DC9A285264BC003811C2 /* Sources */ = {
			isa = PBXSourcesBuildPhase;
			buildActionMask = 2147483647;
			files = (
				8672DCA3285264BC003811C2 /* ListyAppTests.swift in Sources */,
			);
			runOnlyForDeploymentPostprocessing = 0;
		};
		8672DCA4285264BC003811C2 /* Sources */ = {
			isa = PBXSourcesBuildPhase;
			buildActionMask = 2147483647;
			files = (
				8672DCAF285264BC003811C2 /* ListyAppUITestsLaunchTests.swift in Sources */,
				8672DCAD285264BC003811C2 /* ListyAppUITests.swift in Sources */,
			);
			runOnlyForDeploymentPostprocessing = 0;
		};
/* End PBXSourcesBuildPhase section */

/* Begin PBXTargetDependency section */
		8672DCA0285264BC003811C2 /* PBXTargetDependency */ = {
			isa = PBXTargetDependency;
			target = 8672DC87285264B6003811C2 /* ListyApp */;
			targetProxy = 8672DC9F285264BC003811C2 /* PBXContainerItemProxy */;
		};
		8672DCAA285264BC003811C2 /* PBXTargetDependency */ = {
			isa = PBXTargetDependency;
			target = 8672DC87285264B6003811C2 /* ListyApp */;
			targetProxy = 8672DCA9285264BC003811C2 /* PBXContainerItemProxy */;
		};
/* End PBXTargetDependency section */

/* Begin PBXVariantGroup section */
		8672DC91285264B6003811C2 /* Main.storyboard */ = {
			isa = PBXVariantGroup;
			children = (
				8672DC92285264B6003811C2 /* Base */,
			);
			name = Main.storyboard;
			sourceTree = "<group>";
		};
		8672DC96285264BB003811C2 /* LaunchScreen.storyboard */ = {
			isa = PBXVariantGroup;
			children = (
				8672DC97285264BB003811C2 /* Base */,
			);
			name = LaunchScreen.storyboard;
			sourceTree = "<group>";
		};
/* End PBXVariantGroup section */

/* Begin XCBuildConfiguration section */
		8672DCB0285264BC003811C2 /* Debug */ = {
			isa = XCBuildConfiguration;
			buildSettings = {
				ALWAYS_SEARCH_USER_PATHS = NO;
				CLANG_ANALYZER_NONNULL = YES;
				CLANG_ANALYZER_NUMBER_OBJECT_CONVERSION = YES_AGGRESSIVE;
				CLANG_CXX_LANGUAGE_STANDARD = "gnu++17";
				CLANG_ENABLE_MODULES = YES;
				CLANG_ENABLE_OBJC_ARC = YES;
				CLANG_ENABLE_OBJC_WEAK = YES;
				CLANG_WARN_BLOCK_CAPTURE_AUTORELEASING = YES;
				CLANG_WARN_BOOL_CONVERSION = YES;
				CLANG_WARN_COMMA = YES;
				CLANG_WARN_CONSTANT_CONVERSION = YES;
				CLANG_WARN_DEPRECATED_OBJC_IMPLEMENTATIONS = YES;
				CLANG_WARN_DIRECT_OBJC_ISA_USAGE = YES_ERROR;
				CLANG_WARN_DOCUMENTATION_COMMENTS = YES;
				CLANG_WARN_EMPTY_BODY = YES;
				CLANG_WARN_ENUM_CONVERSION = YES;
				CLANG_WARN_INFINITE_RECURSION = YES;
				CLANG_WARN_INT_CONVERSION = YES;
				CLANG_WARN_NON_LITERAL_NULL_CONVERSION = YES;
				CLANG_WARN_OBJC_IMPLICIT_RETAIN_SELF = YES;
				CLANG_WARN_OBJC_LITERAL_CONVERSION = YES;
				CLANG_WARN_OBJC_ROOT_CLASS = YES_ERROR;
				CLANG_WARN_QUOTED_INCLUDE_IN_FRAMEWORK_HEADER = YES;
				CLANG_WARN_RANGE_LOOP_ANALYSIS = YES;
				CLANG_WARN_STRICT_PROTOTYPES = YES;
				CLANG_WARN_SUSPICIOUS_MOVE = YES;
				CLANG_WARN_UNGUARDED_AVAILABILITY = YES_AGGRESSIVE;
				CLANG_WARN_UNREACHABLE_CODE = YES;
				CLANG_WARN__DUPLICATE_METHOD_MATCH = YES;
				COPY_PHASE_STRIP = NO;
				DEBUG_INFORMATION_FORMAT = dwarf;
				ENABLE_STRICT_OBJC_MSGSEND = YES;
				ENABLE_TESTABILITY = YES;
				GCC_C_LANGUAGE_STANDARD = gnu11;
				GCC_DYNAMIC_NO_PIC = NO;
				GCC_NO_COMMON_BLOCKS = YES;
				GCC_OPTIMIZATION_LEVEL = 0;
				GCC_PREPROCESSOR_DEFINITIONS = (
					"DEBUG=1",
					"$(inherited)",
				);
				GCC_WARN_64_TO_32_BIT_CONVERSION = YES;
				GCC_WARN_ABOUT_RETURN_TYPE = YES_ERROR;
				GCC_WARN_UNDECLARED_SELECTOR = YES;
				GCC_WARN_UNINITIALIZED_AUTOS = YES_AGGRESSIVE;
				GCC_WARN_UNUSED_FUNCTION = YES;
				GCC_WARN_UNUSED_VARIABLE = YES;
				IPHONEOS_DEPLOYMENT_TARGET = 15.5;
				MTL_ENABLE_DEBUG_INFO = INCLUDE_SOURCE;
				MTL_FAST_MATH = YES;
				ONLY_ACTIVE_ARCH = YES;
				SDKROOT = iphoneos;
				SWIFT_ACTIVE_COMPILATION_CONDITIONS = DEBUG;
				SWIFT_OPTIMIZATION_LEVEL = "-Onone";
			};
			name = Debug;
		};
		8672DCB1285264BC003811C2 /* Release */ = {
			isa = XCBuildConfiguration;
			buildSettings = {
				ALWAYS_SEARCH_USER_PATHS = NO;
				CLANG_ANALYZER_NONNULL = YES;
				CLANG_ANALYZER_NUMBER_OBJECT_CONVERSION = YES_AGGRESSIVE;
				CLANG_CXX_LANGUAGE_STANDARD = "gnu++17";
				CLANG_ENABLE_MODULES = YES;
				CLANG_ENABLE_OBJC_ARC = YES;
				CLANG_ENABLE_OBJC_WEAK = YES;
				CLANG_WARN_BLOCK_CAPTURE_AUTORELEASING = YES;
				CLANG_WARN_BOOL_CONVERSION = YES;
				CLANG_WARN_COMMA = YES;
				CLANG_WARN_CONSTANT_CONVERSION = YES;
				CLANG_WARN_DEPRECATED_OBJC_IMPLEMENTATIONS = YES;
				CLANG_WARN_DIRECT_OBJC_ISA_USAGE = YES_ERROR;
				CLANG_WARN_DOCUMENTATION_COMMENTS = YES;
				CLANG_WARN_EMPTY_BODY = YES;
				CLANG_WARN_ENUM_CONVERSION = YES;
				CLANG_WARN_INFINITE_RECURSION = YES;
				CLANG_WARN_INT_CONVERSION = YES;
				CLANG_WARN_NON_LITERAL_NULL_CONVERSION = YES;
				CLANG_WARN_OBJC_IMPLICIT_RETAIN_SELF = YES;
				CLANG_WARN_OBJC_LITERAL_CONVERSION = YES;
				CLANG_WARN_OBJC_ROOT_CLASS = YES_ERROR;
				CLANG_WARN_QUOTED_INCLUDE_IN_FRAMEWORK_HEADER = YES;
				CLANG_WARN_RANGE_LOOP_ANALYSIS = YES;
				CLANG_WARN_STRICT_PROTOTYPES = YES;
				CLANG_WARN_SUSPICIOUS_MOVE = YES;
				CLANG_WARN_UNGUARDED_AVAILABILITY = YES_AGGRESSIVE;
				CLANG_WARN_UNREACHABLE_CODE = YES;
				CLANG_WARN__DUPLICATE_METHOD_MATCH = YES;
				COPY_PHASE_STRIP = NO;
				DEBUG_INFORMATION_FORMAT = "dwarf-with-dsym";
				ENABLE_NS_ASSERTIONS = NO;
				ENABLE_STRICT_OBJC_MSGSEND = YES;
				GCC_C_LANGUAGE_STANDARD = gnu11;
				GCC_NO_COMMON_BLOCKS = YES;
				GCC_WARN_64_TO_32_BIT_CONVERSION = YES;
				GCC_WARN_ABOUT_RETURN_TYPE = YES_ERROR;
				GCC_WARN_UNDECLARED_SELECTOR = YES;
				GCC_WARN_UNINITIALIZED_AUTOS = YES_AGGRESSIVE;
				GCC_WARN_UNUSED_FUNCTION = YES;
				GCC_WARN_UNUSED_VARIABLE = YES;
				IPHONEOS_DEPLOYMENT_TARGET = 15.5;
				MTL_ENABLE_DEBUG_INFO = NO;
				MTL_FAST_MATH = YES;
				SDKROOT = iphoneos;
				SWIFT_COMPILATION_MODE = wholemodule;
				SWIFT_OPTIMIZATION_LEVEL = "-O";
				VALIDATE_PRODUCT = YES;
			};
			name = Release;
		};
		8672DCB3285264BC003811C2 /* Debug */ = {
			isa = XCBuildConfiguration;
			buildSettings = {
				ASSETCATALOG_COMPILER_APPICON_NAME = AppIcon;
				ASSETCATALOG_COMPILER_GLOBAL_ACCENT_COLOR_NAME = AccentColor;
				CODE_SIGN_STYLE = Automatic;
				CURRENT_PROJECT_VERSION = 1;
				DEVELOPMENT_TEAM = 9388394NFW;
				GENERATE_INFOPLIST_FILE = YES;
				INFOPLIST_FILE = ListyApp/Info.plist;
				INFOPLIST_KEY_UIApplicationSupportsIndirectInputEvents = YES;
				INFOPLIST_KEY_UILaunchStoryboardName = LaunchScreen;
				INFOPLIST_KEY_UIMainStoryboardFile = Main;
				INFOPLIST_KEY_UISupportedInterfaceOrientations_iPad = "UIInterfaceOrientationPortrait UIInterfaceOrientationPortraitUpsideDown UIInterfaceOrientationLandscapeLeft UIInterfaceOrientationLandscapeRight";
				INFOPLIST_KEY_UISupportedInterfaceOrientations_iPhone = "UIInterfaceOrientationPortrait UIInterfaceOrientationLandscapeLeft UIInterfaceOrientationLandscapeRight";
				LD_RUNPATH_SEARCH_PATHS = (
					"$(inherited)",
					"@executable_path/Frameworks",
				);
				MARKETING_VERSION = 1.0;
				PRODUCT_BUNDLE_IDENTIFIER = Danish.ListyApp;
				PRODUCT_NAME = "$(TARGET_NAME)";
				SWIFT_EMIT_LOC_STRINGS = YES;
				SWIFT_VERSION = 5.0;
				TARGETED_DEVICE_FAMILY = "1,2";
			};
			name = Debug;
		};
		8672DCB4285264BC003811C2 /* Release */ = {
			isa = XCBuildConfiguration;
			buildSettings = {
				ASSETCATALOG_COMPILER_APPICON_NAME = AppIcon;
				ASSETCATALOG_COMPILER_GLOBAL_ACCENT_COLOR_NAME = AccentColor;
				CODE_SIGN_STYLE = Automatic;
				CURRENT_PROJECT_VERSION = 1;
				DEVELOPMENT_TEAM = 9388394NFW;
				GENERATE_INFOPLIST_FILE = YES;
				INFOPLIST_FILE = ListyApp/Info.plist;
				INFOPLIST_KEY_UIApplicationSupportsIndirectInputEvents = YES;
				INFOPLIST_KEY_UILaunchStoryboardName = LaunchScreen;
				INFOPLIST_KEY_UIMainStoryboardFile = Main;
				INFOPLIST_KEY_UISupportedInterfaceOrientations_iPad = "UIInterfaceOrientationPortrait UIInterfaceOrientationPortraitUpsideDown UIInterfaceOrientationLandscapeLeft UIInterfaceOrientationLandscapeRight";
				INFOPLIST_KEY_UISupportedInterfaceOrientations_iPhone = "UIInterfaceOrientationPortrait UIInterfaceOrientationLandscapeLeft UIInterfaceOrientationLandscapeRight";
				LD_RUNPATH_SEARCH_PATHS = (
					"$(inherited)",
					"@executable_path/Frameworks",
				);
				MARKETING_VERSION = 1.0;
				PRODUCT_BUNDLE_IDENTIFIER = Danish.ListyApp;
				PRODUCT_NAME = "$(TARGET_NAME)";
				SWIFT_EMIT_LOC_STRINGS = YES;
				SWIFT_VERSION = 5.0;
				TARGETED_DEVICE_FAMILY = "1,2";
			};
			name = Release;
		};
		8672DCB6285264BC003811C2 /* Debug */ = {
			isa = XCBuildConfiguration;
			buildSettings = {
				ALWAYS_EMBED_SWIFT_STANDARD_LIBRARIES = YES;
				BUNDLE_LOADER = "$(TEST_HOST)";
				CODE_SIGN_STYLE = Automatic;
				CURRENT_PROJECT_VERSION = 1;
				DEVELOPMENT_TEAM = 9388394NFW;
				GENERATE_INFOPLIST_FILE = YES;
				IPHONEOS_DEPLOYMENT_TARGET = 15.5;
				MARKETING_VERSION = 1.0;
				PRODUCT_BUNDLE_IDENTIFIER = Danish.ListyAppTests;
				PRODUCT_NAME = "$(TARGET_NAME)";
				SWIFT_EMIT_LOC_STRINGS = NO;
				SWIFT_VERSION = 5.0;
				TARGETED_DEVICE_FAMILY = "1,2";
				TEST_HOST = "$(BUILT_PRODUCTS_DIR)/ListyApp.app/ListyApp";
			};
			name = Debug;
		};
		8672DCB7285264BC003811C2 /* Release */ = {
			isa = XCBuildConfiguration;
			buildSettings = {
				ALWAYS_EMBED_SWIFT_STANDARD_LIBRARIES = YES;
				BUNDLE_LOADER = "$(TEST_HOST)";
				CODE_SIGN_STYLE = Automatic;
				CURRENT_PROJECT_VERSION = 1;
				DEVELOPMENT_TEAM = 9388394NFW;
				GENERATE_INFOPLIST_FILE = YES;
				IPHONEOS_DEPLOYMENT_TARGET = 15.5;
				MARKETING_VERSION = 1.0;
				PRODUCT_BUNDLE_IDENTIFIER = Danish.ListyAppTests;
				PRODUCT_NAME = "$(TARGET_NAME)";
				SWIFT_EMIT_LOC_STRINGS = NO;
				SWIFT_VERSION = 5.0;
				TARGETED_DEVICE_FAMILY = "1,2";
				TEST_HOST = "$(BUILT_PRODUCTS_DIR)/ListyApp.app/ListyApp";
			};
			name = Release;
		};
		8672DCB9285264BC003811C2 /* Debug */ = {
			isa = XCBuildConfiguration;
			buildSettings = {
				ALWAYS_EMBED_SWIFT_STANDARD_LIBRARIES = YES;
				CODE_SIGN_STYLE = Automatic;
				CURRENT_PROJECT_VERSION = 1;
				DEVELOPMENT_TEAM = 9388394NFW;
				GENERATE_INFOPLIST_FILE = YES;
				MARKETING_VERSION = 1.0;
				PRODUCT_BUNDLE_IDENTIFIER = Danish.ListyAppUITests;
				PRODUCT_NAME = "$(TARGET_NAME)";
				SWIFT_EMIT_LOC_STRINGS = NO;
				SWIFT_VERSION = 5.0;
				TARGETED_DEVICE_FAMILY = "1,2";
				TEST_TARGET_NAME = ListyApp;
			};
			name = Debug;
		};
		8672DCBA285264BC003811C2 /* Release */ = {
			isa = XCBuildConfiguration;
			buildSettings = {
				ALWAYS_EMBED_SWIFT_STANDARD_LIBRARIES = YES;
				CODE_SIGN_STYLE = Automatic;
				CURRENT_PROJECT_VERSION = 1;
				DEVELOPMENT_TEAM = 9388394NFW;
				GENERATE_INFOPLIST_FILE = YES;
				MARKETING_VERSION = 1.0;
				PRODUCT_BUNDLE_IDENTIFIER = Danish.ListyAppUITests;
				PRODUCT_NAME = "$(TARGET_NAME)";
				SWIFT_EMIT_LOC_STRINGS = NO;
				SWIFT_VERSION = 5.0;
				TARGETED_DEVICE_FAMILY = "1,2";
				TEST_TARGET_NAME = ListyApp;
			};
			name = Release;
		};
/* End XCBuildConfiguration section */

/* Begin XCConfigurationList section */
		8672DC83285264B6003811C2 /* Build configuration list for PBXProject "ListyApp" */ = {
			isa = XCConfigurationList;
			buildConfigurations = (
				8672DCB0285264BC003811C2 /* Debug */,
				8672DCB1285264BC003811C2 /* Release */,
			);
			defaultConfigurationIsVisible = 0;
			defaultConfigurationName = Release;
		};
		8672DCB2285264BC003811C2 /* Build configuration list for PBXNativeTarget "ListyApp" */ = {
			isa = XCConfigurationList;
			buildConfigurations = (
				8672DCB3285264BC003811C2 /* Debug */,
				8672DCB4285264BC003811C2 /* Release */,
			);
			defaultConfigurationIsVisible = 0;
			defaultConfigurationName = Release;
		};
		8672DCB5285264BC003811C2 /* Build configuration list for PBXNativeTarget "ListyAppTests" */ = {
			isa = XCConfigurationList;
			buildConfigurations = (
				8672DCB6285264BC003811C2 /* Debug */,
				8672DCB7285264BC003811C2 /* Release */,
			);
			defaultConfigurationIsVisible = 0;
			defaultConfigurationName = Release;
		};
		8672DCB8285264BC003811C2 /* Build configuration list for PBXNativeTarget "ListyAppUITests" */ = {
			isa = XCConfigurationList;
			buildConfigurations = (
				8672DCB9285264BC003811C2 /* Debug */,
				8672DCBA285264BC003811C2 /* Release */,
			);
			defaultConfigurationIsVisible = 0;
			defaultConfigurationName = Release;
		};
/* End XCConfigurationList section */
	};
	rootObject = 8672DC80285264B6003811C2 /* Project object */;
}
